// !$*UTF8*$!
{
	archiveVersion = 1;
	classes = {
	};
	objectVersion = 46;
	objects = {

/* Begin PBXBuildFile section */
		830F5C6B1A64EF4600F0BCA4 /* main.c in Sources */ = {isa = PBXBuildFile; fileRef = 830F5C6A1A64EF4600F0BCA4 /* main.c */; };
		830F5C6D1A64EF5500F0BCA4 /* square.cl in Sources */ = {isa = PBXBuildFile; fileRef = 830F5C6C1A64EF5400F0BCA4 /* square.cl */; };
/* End PBXBuildFile section */

/* Begin PBXCopyFilesBuildPhase section */
		8371B34F1A64E99A00C0517E /* CopyFiles */ = {
			isa = PBXCopyFilesBuildPhase;
			buildActionMask = 2147483647;
			dstPath = /usr/share/man/man1/;
			dstSubfolderSpec = 0;
			files = (
			);
			runOnlyForDeploymentPostprocessing = 1;
		};
/* End PBXCopyFilesBuildPhase section */

/* Begin PBXFileReference section */
		830F5C6A1A64EF4600F0BCA4 /* main.c */ = {isa = PBXFileReference; fileEncoding = 4; lastKnownFileType = sourcecode.c.c; path = main.c; sourceTree = SOURCE_ROOT; };
		830F5C6C1A64EF5400F0BCA4 /* square.cl */ = {isa = PBXFileReference; fileEncoding = 4; lastKnownFileType = sourcecode.opencl; path = square.cl; sourceTree = SOURCE_ROOT; };
		8371B34C1A64E91A00C0517E /* OpenCL.framework */ = {isa = PBXFileReference; lastKnownFileType = wrapper.framework; name = OpenCL.framework; path = ../../../../../System/Library/Frameworks/OpenCL.framework; sourceTree = "<group>"; };
		8371B3511A64E99A00C0517E /* magic-squares */ = {isa = PBXFileReference; explicitFileType = "compiled.mach-o.executable"; includeInIndex = 0; path = "magic-squares"; sourceTree = BUILT_PRODUCTS_DIR; };
/* End PBXFileReference section */

/* Begin PBXFrameworksBuildPhase section */
		8371B34E1A64E99A00C0517E /* Frameworks */ = {
			isa = PBXFrameworksBuildPhase;
			buildActionMask = 2147483647;
			files = (
			);
			runOnlyForDeploymentPostprocessing = 0;
		};
/* End PBXFrameworksBuildPhase section */

/* Begin PBXGroup section */
		8371B3431A64E63500C0517E = {
			isa = PBXGroup;
			children = (
				8371B34C1A64E91A00C0517E /* OpenCL.framework */,
				8371B3531A64E99A00C0517E /* magic-squares */,
				8371B3521A64E99A00C0517E /* Products */,
			);
			sourceTree = "<group>";
		};
		8371B3521A64E99A00C0517E /* Products */ = {
			isa = PBXGroup;
			children = (
				8371B3511A64E99A00C0517E /* magic-squares */,
			);
			name = Products;
			sourceTree = "<group>";
		};
		8371B3531A64E99A00C0517E /* magic-squares */ = {
			isa = PBXGroup;
			children = (
				830F5C6A1A64EF4600F0BCA4 /* main.c */,
				830F5C6C1A64EF5400F0BCA4 /* square.cl */,
			);
			path = "magic-squares";
			sourceTree = "<group>";
		};
/* End PBXGroup section */

/* Begin PBXNativeTarget section */
		8371B3501A64E99A00C0517E /* magic-squares */ = {
			isa = PBXNativeTarget;
			buildConfigurationList = 8371B3561A64E99A00C0517E /* Build configuration list for PBXNativeTarget "magic-squares" */;
			buildPhases = (
				8371B34D1A64E99A00C0517E /* Sources */,
				8371B34E1A64E99A00C0517E /* Frameworks */,
				8371B34F1A64E99A00C0517E /* CopyFiles */,
			);
			buildRules = (
			);
			dependencies = (
			);
			name = "magic-squares";
			productName = "magic-squares";
			productReference = 8371B3511A64E99A00C0517E /* magic-squares */;
			productType = "com.apple.product-type.tool";
		};
/* End PBXNativeTarget section */

/* Begin PBXProject section */
		8371B3441A64E63500C0517E /* Project object */ = {
			isa = PBXProject;
			attributes = {
				LastUpgradeCheck = 0610;
				TargetAttributes = {
					8371B3501A64E99A00C0517E = {
						CreatedOnToolsVersion = 6.1.1;
					};
				};
			};
			buildConfigurationList = 8371B3471A64E63500C0517E /* Build configuration list for PBXProject "Magic Squares" */;
			compatibilityVersion = "Xcode 3.2";
			developmentRegion = English;
			hasScannedForEncodings = 0;
			knownRegions = (
				en,
			);
			mainGroup = 8371B3431A64E63500C0517E;
			productRefGroup = 8371B3521A64E99A00C0517E /* Products */;
			projectDirPath = "";
			projectRoot = "";
			targets = (
				8371B3501A64E99A00C0517E /* magic-squares */,
			);
		};
/* End PBXProject section */

/* Begin PBXSourcesBuildPhase section */
		8371B34D1A64E99A00C0517E /* Sources */ = {
			isa = PBXSourcesBuildPhase;
			buildActionMask = 2147483647;
			files = (
				830F5C6B1A64EF4600F0BCA4 /* main.c in Sources */,
				830F5C6D1A64EF5500F0BCA4 /* square.cl in Sources */,
			);
			runOnlyForDeploymentPostprocessing = 0;
		};
/* End PBXSourcesBuildPhase section */

/* Begin XCBuildConfiguration section */
		8371B3481A64E63500C0517E /* Debug */ = {
			isa = XCBuildConfiguration;
			buildSettings = {
			};
			name = Debug;
		};
		8371B3491A64E63500C0517E /* Release */ = {
			isa = XCBuildConfiguration;
			buildSettings = {
			};
			name = Release;
		};
		8371B3571A64E99A00C0517E /* Debug */ = {
			isa = XCBuildConfiguration;
			buildSettings = {
				ALWAYS_SEARCH_USER_PATHS = NO;
				CLANG_CXX_LANGUAGE_STANDARD = "gnu++0x";
				CLANG_CXX_LIBRARY = "libc++";
				CLANG_ENABLE_MODULES = YES;
				CLANG_ENABLE_OBJC_ARC = YES;
				CLANG_WARN_BOOL_CONVERSION = YES;
				CLANG_WARN_CONSTANT_CONVERSION = YES;
				CLANG_WARN_DIRECT_OBJC_ISA_USAGE = YES_ERROR;
				CLANG_WARN_EMPTY_BODY = YES;
				CLANG_WARN_ENUM_CONVERSION = YES;
				CLANG_WARN_INT_CONVERSION = YES;
				CLANG_WARN_OBJC_ROOT_CLASS = YES_ERROR;
				CLANG_WARN_UNREACHABLE_CODE = YES;
				CLANG_WARN__DUPLICATE_METHOD_MATCH = YES;
				COPY_PHASE_STRIP = NO;
				ENABLE_STRICT_OBJC_MSGSEND = YES;
				GCC_C_LANGUAGE_STANDARD = gnu99;
				GCC_DYNAMIC_NO_PIC = NO;
				GCC_OPTIMIZATION_LEVEL = 0;
				GCC_PREPROCESSOR_DEFINITIONS = (
					"DEBUG=1",
					"$(inherited)",
				);
				GCC_SYMBOLS_PRIVATE_EXTERN = NO;
				GCC_WARN_64_TO_32_BIT_CONVERSION = YES;
				GCC_WARN_ABOUT_RETURN_TYPE = YES_ERROR;
				GCC_WARN_UNDECLARED_SELECTOR = YES;
				GCC_WARN_UNINITIALIZED_AUTOS = YES_AGGRESSIVE;
				GCC_WARN_UNUSED_FUNCTION = YES;
				GCC_WARN_UNUSED_VARIABLE = YES;
				MACOSX_DEPLOYMENT_TARGET = 10.10;
				MTL_ENABLE_DEBUG_INFO = YES;
				ONLY_ACTIVE_ARCH = YES;
				PRODUCT_NAME = "$(TARGET_NAME)";
				SDKROOT = macosx;
			};
			name = Debug;
		};
		8371B3581A64E99A00C0517E /* Release */ = {
			isa = XCBuildConfiguration;
			buildSettings = {
				ALWAYS_SEARCH_USER_PATHS = NO;
				CLANG_CXX_LANGUAGE_STANDARD = "gnu++0x";
				CLANG_CXX_LIBRARY = "libc++";
				CLANG_ENABLE_MODULES = YES;
				CLANG_ENABLE_OBJC_ARC = YES;
				CLANG_WARN_BOOL_CONVERSION = YES;
				CLANG_WARN_CONSTANT_CONVERSION = YES;
				CLANG_WARN_DIRECT_OBJC_ISA_USAGE = YES_ERROR;
				CLANG_WARN_EMPTY_BODY = YES;
				CLANG_WARN_ENUM_CONVERSION = YES;
				CLANG_WARN_INT_CONVERSION = YES;
				CLANG_WARN_OBJC_ROOT_CLASS = YES_ERROR;
				CLANG_WARN_UNREACHABLE_CODE = YES;
				CLANG_WARN__DUPLICATE_METHOD_MATCH = YES;
				COPY_PHASE_STRIP = YES;
				DEBUG_INFORMATION_FORMAT = "dwarf-with-dsym";
				ENABLE_NS_ASSERTIONS = NO;
				ENABLE_STRICT_OBJC_MSGSEND = YES;
				GCC_C_LANGUAGE_STANDARD = gnu99;
				GCC_WARN_64_TO_32_BIT_CONVERSION = YES;
				GCC_WARN_ABOUT_RETURN_TYPE = YES_ERROR;
				GCC_WARN_UNDECLARED_SELECTOR = YES;
				GCC_WARN_UNINITIALIZED_AUTOS = YES_AGGRESSIVE;
				GCC_WARN_UNUSED_FUNCTION = YES;
				GCC_WARN_UNUSED_VARIABLE = YES;
				MACOSX_DEPLOYMENT_TARGET = 10.10;
				MTL_ENABLE_DEBUG_INFO = NO;
				PRODUCT_NAME = "$(TARGET_NAME)";
				SDKROOT = macosx;
			};
			name = Release;
		};
/* End XCBuildConfiguration section */

/* Begin XCConfigurationList section */
		8371B3471A64E63500C0517E /* Build configuration list for PBXProject "Magic Squares" */ = {
			isa = XCConfigurationList;
			buildConfigurations = (
				8371B3481A64E63500C0517E /* Debug */,
				8371B3491A64E63500C0517E /* Release */,
			);
			defaultConfigurationIsVisible = 0;
			defaultConfigurationName = Release;
		};
		8371B3561A64E99A00C0517E /* Build configuration list for PBXNativeTarget "magic-squares" */ = {
			isa = XCConfigurationList;
			buildConfigurations = (
				8371B3571A64E99A00C0517E /* Debug */,
				8371B3581A64E99A00C0517E /* Release */,
			);
			defaultConfigurationIsVisible = 0;
			defaultConfigurationName = Release;
		};
/* End XCConfigurationList section */
	};
	rootObject = 8371B3441A64E63500C0517E /* Project object */;
}
